
Microsoft Visual Studio Solution File, Format Version 12.00
# Visual Studio Version 16
VisualStudioVersion = 16.0.31129.286
MinimumVisualStudioVersion = 10.0.40219.1
Project("{FAE04EC0-301F-11D3-BF4B-00C04F79EFBC}") = "DapperWebAPI", "DapperWebAPI\DapperWebAPI.csproj", "{17DC764A-029E-4223-AF84-5CFE4918204D}"
EndProject
Global
	GlobalSection(SolutionConfigurationPlatforms) = preSolution
		Debug|Any CPU = Debug|Any CPU
		Release|Any CPU = Release|Any CPU
	EndGlobalSection
	GlobalSection(ProjectConfigurationPlatforms) = postSolution
		{17DC764A-029E-4223-AF84-5CFE4918204D}.Debug|Any CPU.ActiveCfg = Debug|Any CPU
		{17DC764A-029E-4223-AF84-5CFE4918204D}.Debug|Any CPU.Build.0 = Debug|Any CPU
		{17DC764A-029E-4223-AF84-5CFE4918204D}.Release|Any CPU.ActiveCfg = Release|Any CPU
		{17DC764A-029E-4223-AF84-5CFE4918204D}.Release|Any CPU.Build.0 = Release|Any CPU
	EndGlobalSection
	GlobalSection(SolutionProperties) = preSolution
		HideSolutionNode = FALSE
	EndGlobalSection
	GlobalSection(ExtensibilityGlobals) = postSolution
		SolutionGuid = {C0A669FA-9900-41B2-881E-330BE8E10E02}
	EndGlobalSection
EndGlobal
